// !$*UTF8*$!
{
	archiveVersion = 1;
	classes = {
	};
	objectVersion = 46;
	objects = {

/* Begin PBXBuildFile section */
		DEB1BA6519AAF8A9006AF6CA /* AlbumModel.swift in Sources */ = {isa = PBXBuildFile; fileRef = DEB1BA6419AAF8A9006AF6CA /* AlbumModel.swift */; };
		DEB1BA6719AB183A006AF6CA /* DetailsViewController.swift in Sources */ = {isa = PBXBuildFile; fileRef = DEB1BA6619AB183A006AF6CA /* DetailsViewController.swift */; };
		DEB1BA6919AB53CC006AF6CA /* TrackModel.swift in Sources */ = {isa = PBXBuildFile; fileRef = DEB1BA6819AB53CC006AF6CA /* TrackModel.swift */; };
		DEB1BA6B19AB58E2006AF6CA /* TrackCell.swift in Sources */ = {isa = PBXBuildFile; fileRef = DEB1BA6A19AB58E2006AF6CA /* TrackCell.swift */; };
		DED24FDF19AA646E00088962 /* APIController.swift in Sources */ = {isa = PBXBuildFile; fileRef = DED24FDE19AA646E00088962 /* APIController.swift */; };
		DEDF886719A769BA00D09D8A /* AppDelegate.swift in Sources */ = {isa = PBXBuildFile; fileRef = DEDF886619A769BA00D09D8A /* AppDelegate.swift */; };
		DEDF886919A769BA00D09D8A /* SearchResultsViewController.swift in Sources */ = {isa = PBXBuildFile; fileRef = DEDF886819A769BA00D09D8A /* SearchResultsViewController.swift */; };
		DEDF886C19A769BA00D09D8A /* Main.storyboard in Resources */ = {isa = PBXBuildFile; fileRef = DEDF886A19A769BA00D09D8A /* Main.storyboard */; };
		DEDF886E19A769BA00D09D8A /* Images.xcassets in Resources */ = {isa = PBXBuildFile; fileRef = DEDF886D19A769BA00D09D8A /* Images.xcassets */; };
		DEDF887A19A769BA00D09D8A /* FirstSwiftAppTests.swift in Sources */ = {isa = PBXBuildFile; fileRef = DEDF887919A769BA00D09D8A /* FirstSwiftAppTests.swift */; };
/* End PBXBuildFile section */

/* Begin PBXContainerItemProxy section */
		DEDF887419A769BA00D09D8A /* PBXContainerItemProxy */ = {
			isa = PBXContainerItemProxy;
			containerPortal = DEDF885919A769BA00D09D8A /* Project object */;
			proxyType = 1;
			remoteGlobalIDString = DEDF886019A769BA00D09D8A;
			remoteInfo = FirstSwiftApp;
		};
/* End PBXContainerItemProxy section */

/* Begin PBXFileReference section */
		DEB1BA6419AAF8A9006AF6CA /* AlbumModel.swift */ = {isa = PBXFileReference; fileEncoding = 4; lastKnownFileType = sourcecode.swift; path = AlbumModel.swift; sourceTree = "<group>"; };
		DEB1BA6619AB183A006AF6CA /* DetailsViewController.swift */ = {isa = PBXFileReference; fileEncoding = 4; lastKnownFileType = sourcecode.swift; path = DetailsViewController.swift; sourceTree = "<group>"; };
		DEB1BA6819AB53CC006AF6CA /* TrackModel.swift */ = {isa = PBXFileReference; fileEncoding = 4; lastKnownFileType = sourcecode.swift; path = TrackModel.swift; sourceTree = "<group>"; };
		DEB1BA6A19AB58E2006AF6CA /* TrackCell.swift */ = {isa = PBXFileReference; fileEncoding = 4; lastKnownFileType = sourcecode.swift; path = TrackCell.swift; sourceTree = "<group>"; };
		DED24FDE19AA646E00088962 /* APIController.swift */ = {isa = PBXFileReference; fileEncoding = 4; lastKnownFileType = sourcecode.swift; path = APIController.swift; sourceTree = "<group>"; };
		DEDF886119A769BA00D09D8A /* FirstSwiftApp.app */ = {isa = PBXFileReference; explicitFileType = wrapper.application; includeInIndex = 0; path = FirstSwiftApp.app; sourceTree = BUILT_PRODUCTS_DIR; };
		DEDF886519A769BA00D09D8A /* Info.plist */ = {isa = PBXFileReference; lastKnownFileType = text.plist.xml; path = Info.plist; sourceTree = "<group>"; };
		DEDF886619A769BA00D09D8A /* AppDelegate.swift */ = {isa = PBXFileReference; lastKnownFileType = sourcecode.swift; path = AppDelegate.swift; sourceTree = "<group>"; };
		DEDF886819A769BA00D09D8A /* SearchResultsViewController.swift */ = {isa = PBXFileReference; lastKnownFileType = sourcecode.swift; path = SearchResultsViewController.swift; sourceTree = "<group>"; };
		DEDF886B19A769BA00D09D8A /* Base */ = {isa = PBXFileReference; lastKnownFileType = file.storyboard; name = Base; path = Base.lproj/Main.storyboard; sourceTree = "<group>"; };
		DEDF886D19A769BA00D09D8A /* Images.xcassets */ = {isa = PBXFileReference; lastKnownFileType = folder.assetcatalog; path = Images.xcassets; sourceTree = "<group>"; };
		DEDF887319A769BA00D09D8A /* FirstSwiftAppTests.xctest */ = {isa = PBXFileReference; explicitFileType = wrapper.cfbundle; includeInIndex = 0; path = FirstSwiftAppTests.xctest; sourceTree = BUILT_PRODUCTS_DIR; };
		DEDF887819A769BA00D09D8A /* Info.plist */ = {isa = PBXFileReference; lastKnownFileType = text.plist.xml; path = Info.plist; sourceTree = "<group>"; };
		DEDF887919A769BA00D09D8A /* FirstSwiftAppTests.swift */ = {isa = PBXFileReference; lastKnownFileType = sourcecode.swift; path = FirstSwiftAppTests.swift; sourceTree = "<group>"; };
/* End PBXFileReference section */

/* Begin PBXFrameworksBuildPhase section */
		DEDF885E19A769BA00D09D8A /* Frameworks */ = {
			isa = PBXFrameworksBuildPhase;
			buildActionMask = 2147483647;
			files = (
			);
			runOnlyForDeploymentPostprocessing = 0;
		};
		DEDF887019A769BA00D09D8A /* Frameworks */ = {
			isa = PBXFrameworksBuildPhase;
			buildActionMask = 2147483647;
			files = (
			);
			runOnlyForDeploymentPostprocessing = 0;
		};
/* End PBXFrameworksBuildPhase section */

/* Begin PBXGroup section */
		DEDF885819A769BA00D09D8A = {
			isa = PBXGroup;
			children = (
				DEDF886319A769BA00D09D8A /* FirstSwiftApp */,
				DEDF887619A769BA00D09D8A /* FirstSwiftAppTests */,
				DEDF886219A769BA00D09D8A /* Products */,
			);
			sourceTree = "<group>";
		};
		DEDF886219A769BA00D09D8A /* Products */ = {
			isa = PBXGroup;
			children = (
				DEDF886119A769BA00D09D8A /* FirstSwiftApp.app */,
				DEDF887319A769BA00D09D8A /* FirstSwiftAppTests.xctest */,
			);
			name = Products;
			sourceTree = "<group>";
		};
		DEDF886319A769BA00D09D8A /* FirstSwiftApp */ = {
			isa = PBXGroup;
			children = (
				DEB1BA6A19AB58E2006AF6CA /* TrackCell.swift */,
				DEB1BA6819AB53CC006AF6CA /* TrackModel.swift */,
				DEB1BA6419AAF8A9006AF6CA /* AlbumModel.swift */,
				DED24FDE19AA646E00088962 /* APIController.swift */,
				DEDF886619A769BA00D09D8A /* AppDelegate.swift */,
				DEDF886819A769BA00D09D8A /* SearchResultsViewController.swift */,
				DEB1BA6619AB183A006AF6CA /* DetailsViewController.swift */,
				DEDF886A19A769BA00D09D8A /* Main.storyboard */,
				DEDF886D19A769BA00D09D8A /* Images.xcassets */,
				DEDF886419A769BA00D09D8A /* Supporting Files */,
			);
			path = FirstSwiftApp;
			sourceTree = "<group>";
		};
		DEDF886419A769BA00D09D8A /* Supporting Files */ = {
			isa = PBXGroup;
			children = (
				DEDF886519A769BA00D09D8A /* Info.plist */,
			);
			name = "Supporting Files";
			sourceTree = "<group>";
		};
		DEDF887619A769BA00D09D8A /* FirstSwiftAppTests */ = {
			isa = PBXGroup;
			children = (
				DEDF887919A769BA00D09D8A /* FirstSwiftAppTests.swift */,
				DEDF887719A769BA00D09D8A /* Supporting Files */,
			);
			path = FirstSwiftAppTests;
			sourceTree = "<group>";
		};
		DEDF887719A769BA00D09D8A /* Supporting Files */ = {
			isa = PBXGroup;
			children = (
				DEDF887819A769BA00D09D8A /* Info.plist */,
			);
			name = "Supporting Files";
			sourceTree = "<group>";
		};
/* End PBXGroup section */

/* Begin PBXNativeTarget section */
		DEDF886019A769BA00D09D8A /* FirstSwiftApp */ = {
			isa = PBXNativeTarget;
			buildConfigurationList = DEDF887D19A769BA00D09D8A /* Build configuration list for PBXNativeTarget "FirstSwiftApp" */;
			buildPhases = (
				DEDF885D19A769BA00D09D8A /* Sources */,
				DEDF885E19A769BA00D09D8A /* Frameworks */,
				DEDF885F19A769BA00D09D8A /* Resources */,
			);
			buildRules = (
			);
			dependencies = (
			);
			name = FirstSwiftApp;
			productName = FirstSwiftApp;
			productReference = DEDF886119A769BA00D09D8A /* FirstSwiftApp.app */;
			productType = "com.apple.product-type.application";
		};
		DEDF887219A769BA00D09D8A /* FirstSwiftAppTests */ = {
			isa = PBXNativeTarget;
			buildConfigurationList = DEDF888019A769BA00D09D8A /* Build configuration list for PBXNativeTarget "FirstSwiftAppTests" */;
			buildPhases = (
				DEDF886F19A769BA00D09D8A /* Sources */,
				DEDF887019A769BA00D09D8A /* Frameworks */,
				DEDF887119A769BA00D09D8A /* Resources */,
			);
			buildRules = (
			);
			dependencies = (
				DEDF887519A769BA00D09D8A /* PBXTargetDependency */,
			);
			name = FirstSwiftAppTests;
			productName = FirstSwiftAppTests;
			productReference = DEDF887319A769BA00D09D8A /* FirstSwiftAppTests.xctest */;
			productType = "com.apple.product-type.bundle.unit-test";
		};
/* End PBXNativeTarget section */

/* Begin PBXProject section */
		DEDF885919A769BA00D09D8A /* Project object */ = {
			isa = PBXProject;
			attributes = {
				LastUpgradeCheck = 0600;
				ORGANIZATIONNAME = sumantar;
				TargetAttributes = {
					DEDF886019A769BA00D09D8A = {
						CreatedOnToolsVersion = 6.0;
					};
					DEDF887219A769BA00D09D8A = {
						CreatedOnToolsVersion = 6.0;
						TestTargetID = DEDF886019A769BA00D09D8A;
					};
				};
			};
			buildConfigurationList = DEDF885C19A769BA00D09D8A /* Build configuration list for PBXProject "FirstSwiftApp" */;
			compatibilityVersion = "Xcode 3.2";
			developmentRegion = English;
			hasScannedForEncodings = 0;
			knownRegions = (
				en,
				Base,
			);
			mainGroup = DEDF885819A769BA00D09D8A;
			productRefGroup = DEDF886219A769BA00D09D8A /* Products */;
			projectDirPath = "";
			projectRoot = "";
			targets = (
				DEDF886019A769BA00D09D8A /* FirstSwiftApp */,
				DEDF887219A769BA00D09D8A /* FirstSwiftAppTests */,
			);
		};
/* End PBXProject section */

/* Begin PBXResourcesBuildPhase section */
		DEDF885F19A769BA00D09D8A /* Resources */ = {
			isa = PBXResourcesBuildPhase;
			buildActionMask = 2147483647;
			files = (
				DEDF886C19A769BA00D09D8A /* Main.storyboard in Resources */,
				DEDF886E19A769BA00D09D8A /* Images.xcassets in Resources */,
			);
			runOnlyForDeploymentPostprocessing = 0;
		};
		DEDF887119A769BA00D09D8A /* Resources */ = {
			isa = PBXResourcesBuildPhase;
			buildActionMask = 2147483647;
			files = (
			);
			runOnlyForDeploymentPostprocessing = 0;
		};
/* End PBXResourcesBuildPhase section */

/* Begin PBXSourcesBuildPhase section */
		DEDF885D19A769BA00D09D8A /* Sources */ = {
			isa = PBXSourcesBuildPhase;
			buildActionMask = 2147483647;
			files = (
				DEB1BA6B19AB58E2006AF6CA /* TrackCell.swift in Sources */,
				DEDF886919A769BA00D09D8A /* SearchResultsViewController.swift in Sources */,
				DEB1BA6919AB53CC006AF6CA /* TrackModel.swift in Sources */,
				DEB1BA6519AAF8A9006AF6CA /* AlbumModel.swift in Sources */,
				DEDF886719A769BA00D09D8A /* AppDelegate.swift in Sources */,
				DED24FDF19AA646E00088962 /* APIController.swift in Sources */,
				DEB1BA6719AB183A006AF6CA /* DetailsViewController.swift in Sources */,
			);
			runOnlyForDeploymentPostprocessing = 0;
		};
		DEDF886F19A769BA00D09D8A /* Sources */ = {
			isa = PBXSourcesBuildPhase;
			buildActionMask = 2147483647;
			files = (
				DEDF887A19A769BA00D09D8A /* FirstSwiftAppTests.swift in Sources */,
			);
			runOnlyForDeploymentPostprocessing = 0;
		};
/* End PBXSourcesBuildPhase section */

/* Begin PBXTargetDependency section */
		DEDF887519A769BA00D09D8A /* PBXTargetDependency */ = {
			isa = PBXTargetDependency;
			target = DEDF886019A769BA00D09D8A /* FirstSwiftApp */;
			targetProxy = DEDF887419A769BA00D09D8A /* PBXContainerItemProxy */;
		};
/* End PBXTargetDependency section */

/* Begin PBXVariantGroup section */
		DEDF886A19A769BA00D09D8A /* Main.storyboard */ = {
			isa = PBXVariantGroup;
			children = (
				DEDF886B19A769BA00D09D8A /* Base */,
			);
			name = Main.storyboard;
			sourceTree = "<group>";
		};
/* End PBXVariantGroup section */

/* Begin XCBuildConfiguration section */
		DEDF887B19A769BA00D09D8A /* Debug */ = {
			isa = XCBuildConfiguration;
			buildSettings = {
				ALWAYS_SEARCH_USER_PATHS = NO;
				CLANG_CXX_LANGUAGE_STANDARD = "gnu++0x";
				CLANG_CXX_LIBRARY = "libc++";
				CLANG_ENABLE_MODULES = YES;
				CLANG_ENABLE_OBJC_ARC = YES;
				CLANG_WARN_BOOL_CONVERSION = YES;
				CLANG_WARN_CONSTANT_CONVERSION = YES;
				CLANG_WARN_DIRECT_OBJC_ISA_USAGE = YES_ERROR;
				CLANG_WARN_EMPTY_BODY = YES;
				CLANG_WARN_ENUM_CONVERSION = YES;
				CLANG_WARN_INT_CONVERSION = YES;
				CLANG_WARN_OBJC_ROOT_CLASS = YES_ERROR;
				CLANG_WARN_UNREACHABLE_CODE = YES;
				CLANG_WARN__DUPLICATE_METHOD_MATCH = YES;
				"CODE_SIGN_IDENTITY[sdk=iphoneos*]" = "iPhone Developer";
				COPY_PHASE_STRIP = NO;
				ENABLE_STRICT_OBJC_MSGSEND = YES;
				GCC_C_LANGUAGE_STANDARD = gnu99;
				GCC_DYNAMIC_NO_PIC = NO;
				GCC_OPTIMIZATION_LEVEL = 0;
				GCC_PREPROCESSOR_DEFINITIONS = (
					"DEBUG=1",
					"$(inherited)",
				);
				GCC_SYMBOLS_PRIVATE_EXTERN = NO;
				GCC_WARN_64_TO_32_BIT_CONVERSION = YES;
				GCC_WARN_ABOUT_RETURN_TYPE = YES_ERROR;
				GCC_WARN_UNDECLARED_SELECTOR = YES;
				GCC_WARN_UNINITIALIZED_AUTOS = YES_AGGRESSIVE;
				GCC_WARN_UNUSED_FUNCTION = YES;
				GCC_WARN_UNUSED_VARIABLE = YES;
				IPHONEOS_DEPLOYMENT_TARGET = 8.0;
				MTL_ENABLE_DEBUG_INFO = YES;
				ONLY_ACTIVE_ARCH = YES;
				SDKROOT = iphoneos;
				SWIFT_OPTIMIZATION_LEVEL = "-Onone";
				TARGETED_DEVICE_FAMILY = "1,2";
			};
			name = Debug;
		};
		DEDF887C19A769BA00D09D8A /* Release */ = {
			isa = XCBuildConfiguration;
			buildSettings = {
				ALWAYS_SEARCH_USER_PATHS = NO;
				CLANG_CXX_LANGUAGE_STANDARD = "gnu++0x";
				CLANG_CXX_LIBRARY = "libc++";
				CLANG_ENABLE_MODULES = YES;
				CLANG_ENABLE_OBJC_ARC = YES;
				CLANG_WARN_BOOL_CONVERSION = YES;
				CLANG_WARN_CONSTANT_CONVERSION = YES;
				CLANG_WARN_DIRECT_OBJC_ISA_USAGE = YES_ERROR;
				CLANG_WARN_EMPTY_BODY = YES;
				CLANG_WARN_ENUM_CONVERSION = YES;
				CLANG_WARN_INT_CONVERSION = YES;
				CLANG_WARN_OBJC_ROOT_CLASS = YES_ERROR;
				CLANG_WARN_UNREACHABLE_CODE = YES;
				CLANG_WARN__DUPLICATE_METHOD_MATCH = YES;
				"CODE_SIGN_IDENTITY[sdk=iphoneos*]" = "iPhone Developer";
				COPY_PHASE_STRIP = YES;
				ENABLE_NS_ASSERTIONS = NO;
				ENABLE_STRICT_OBJC_MSGSEND = YES;
				GCC_C_LANGUAGE_STANDARD = gnu99;
				GCC_WARN_64_TO_32_BIT_CONVERSION = YES;
				GCC_WARN_ABOUT_RETURN_TYPE = YES_ERROR;
				GCC_WARN_UNDECLARED_SELECTOR = YES;
				GCC_WARN_UNINITIALIZED_AUTOS = YES_AGGRESSIVE;
				GCC_WARN_UNUSED_FUNCTION = YES;
				GCC_WARN_UNUSED_VARIABLE = YES;
				IPHONEOS_DEPLOYMENT_TARGET = 8.0;
				MTL_ENABLE_DEBUG_INFO = NO;
				SDKROOT = iphoneos;
				TARGETED_DEVICE_FAMILY = "1,2";
				VALIDATE_PRODUCT = YES;
			};
			name = Release;
		};
		DEDF887E19A769BA00D09D8A /* Debug */ = {
			isa = XCBuildConfiguration;
			buildSettings = {
				ASSETCATALOG_COMPILER_APPICON_NAME = AppIcon;
				ASSETCATALOG_COMPILER_LAUNCHIMAGE_NAME = LaunchImage;
				INFOPLIST_FILE = FirstSwiftApp/Info.plist;
				LD_RUNPATH_SEARCH_PATHS = "$(inherited) @executable_path/Frameworks";
				PRODUCT_NAME = "$(TARGET_NAME)";
			};
			name = Debug;
		};
		DEDF887F19A769BA00D09D8A /* Release */ = {
			isa = XCBuildConfiguration;
			buildSettings = {
				ASSETCATALOG_COMPILER_APPICON_NAME = AppIcon;
				ASSETCATALOG_COMPILER_LAUNCHIMAGE_NAME = LaunchImage;
				INFOPLIST_FILE = FirstSwiftApp/Info.plist;
				LD_RUNPATH_SEARCH_PATHS = "$(inherited) @executable_path/Frameworks";
				PRODUCT_NAME = "$(TARGET_NAME)";
			};
			name = Release;
		};
		DEDF888119A769BA00D09D8A /* Debug */ = {
			isa = XCBuildConfiguration;
			buildSettings = {
				BUNDLE_LOADER = "$(TEST_HOST)";
				FRAMEWORK_SEARCH_PATHS = (
					"$(SDKROOT)/Developer/Library/Frameworks",
					"$(inherited)",
				);
				GCC_PREPROCESSOR_DEFINITIONS = (
					"DEBUG=1",
					"$(inherited)",
				);
				INFOPLIST_FILE = FirstSwiftAppTests/Info.plist;
				LD_RUNPATH_SEARCH_PATHS = "$(inherited) @executable_path/Frameworks @loader_path/Frameworks";
				PRODUCT_NAME = "$(TARGET_NAME)";
				TEST_HOST = "$(BUILT_PRODUCTS_DIR)/FirstSwiftApp.app/FirstSwiftApp";
			};
			name = Debug;
		};
		DEDF888219A769BA00D09D8A /* Release */ = {
			isa = XCBuildConfiguration;
			buildSettings = {
				BUNDLE_LOADER = "$(TEST_HOST)";
				FRAMEWORK_SEARCH_PATHS = (
					"$(SDKROOT)/Developer/Library/Frameworks",
					"$(inherited)",
				);
				INFOPLIST_FILE = FirstSwiftAppTests/Info.plist;
				LD_RUNPATH_SEARCH_PATHS = "$(inherited) @executable_path/Frameworks @loader_path/Frameworks";
				PRODUCT_NAME = "$(TARGET_NAME)";
				TEST_HOST = "$(BUILT_PRODUCTS_DIR)/FirstSwiftApp.app/FirstSwiftApp";
			};
			name = Release;
		};
/* End XCBuildConfiguration section */

/* Begin XCConfigurationList section */
		DEDF885C19A769BA00D09D8A /* Build configuration list for PBXProject "FirstSwiftApp" */ = {
			isa = XCConfigurationList;
			buildConfigurations = (
				DEDF887B19A769BA00D09D8A /* Debug */,
				DEDF887C19A769BA00D09D8A /* Release */,
			);
			defaultConfigurationIsVisible = 0;
			defaultConfigurationName = Release;
		};
		DEDF887D19A769BA00D09D8A /* Build configuration list for PBXNativeTarget "FirstSwiftApp" */ = {
			isa = XCConfigurationList;
			buildConfigurations = (
				DEDF887E19A769BA00D09D8A /* Debug */,
				DEDF887F19A769BA00D09D8A /* Release */,
			);
			defaultConfigurationIsVisible = 0;
			defaultConfigurationName = Release;
		};
		DEDF888019A769BA00D09D8A /* Build configuration list for PBXNativeTarget "FirstSwiftAppTests" */ = {
			isa = XCConfigurationList;
			buildConfigurations = (
				DEDF888119A769BA00D09D8A /* Debug */,
				DEDF888219A769BA00D09D8A /* Release */,
			);
			defaultConfigurationIsVisible = 0;
			defaultConfigurationName = Release;
		};
/* End XCConfigurationList section */
	};
	rootObject = DEDF885919A769BA00D09D8A /* Project object */;
}
